
Microsoft Visual Studio Solution File, Format Version 12.00
# Visual Studio 15
VisualStudioVersion = 15.0.36001.139
MinimumVisualStudioVersion = 10.0.40219.1
Project("{FAE04EC0-301F-11D3-BF4B-00C04F79EFBC}") = "Light", "Light\Light.csproj", "{86ABF66D-144D-448C-A7B3-6349EB6A98F8}"
EndProject
Project("{2150E333-8FDC-42A3-9474-1A3956D46DE8}") = "Light.Uwp", "Light.Uwp", "{1AEC3720-99EB-4BED-8771-12F4C8082C88}"
EndProject
Project("{FAE04EC0-301F-11D3-BF4B-00C04F79EFBC}") = "LightTests", "LightTests\LightTests.csproj", "{91058B93-96CE-4300-A287-C8A081581512}"
EndProject
Project("{2150E333-8FDC-42A3-9474-1A3956D46DE8}") = "Light.Core", "Light.Core", "{B06C65C8-5249-4921-9B05-DCEF6510442F}"
EndProject
Project("{2150E333-8FDC-42A3-9474-1A3956D46DE8}") = "Light.Domain", "Light.Domain", "{E2EFD2A0-3AA7-46BC-ADD3-D2AF30EFD02E}"
EndProject
Project("{9A19103F-16F7-4668-BE54-9A1E7A4F7556}") = "LightApplication", "LightApplication\LightApplication.csproj", "{AA3B8B65-BF78-4368-BE19-A9B8B78E4585}"
EndProject
Project("{FAE04EC0-301F-11D3-BF4B-00C04F79EFBC}") = "LightApplication.Tests", "LightApplication.Tests\LightApplication.Tests.csproj", "{8EDF4429-251A-416D-BB68-93F227191BCF}"
EndProject
Project("{9A19103F-16F7-4668-BE54-9A1E7A4F7556}") = "LightDomain", "LightDomain\LightDomain.csproj", "{844CCB96-7FDF-49AF-84D2-39890CB99AC8}"
EndProject
Project("{FAE04EC0-301F-11D3-BF4B-00C04F79EFBC}") = "LightDomain.Tests", "LightDomain.Tests\LightDomain.Tests.csproj", "{51EB62AB-5055-4A6A-9F91-6F684C4801E7}"
EndProject
Project("{2150E333-8FDC-42A3-9474-1A3956D46DE8}") = "LightCachedDataRepositories", "LightCachedDataRepositories", "{0DFF4262-FD4F-436D-92E8-3E5B70C37D46}"
EndProject
Project("{9A19103F-16F7-4668-BE54-9A1E7A4F7556}") = "LightCachedRepositories", "LightCachedRepositories\LightCachedRepositories.csproj", "{01A38065-063B-49CA-8ECB-18D358CBBA20}"
EndProject
Project("{FAE04EC0-301F-11D3-BF4B-00C04F79EFBC}") = "LightCachedRepositories.Tests", "LightCachedRepositories.Tests\LightCachedRepositories.Tests.csproj", "{61016CD5-C763-4D03-A4C0-90BBF6D5E9FE}"
EndProject
Global
	GlobalSection(SolutionConfigurationPlatforms) = preSolution
		Debug|Any CPU = Debug|Any CPU
		Debug|ARM = Debug|ARM
		Debug|ARM64 = Debug|ARM64
		Debug|x64 = Debug|x64
		Debug|x86 = Debug|x86
		Release|Any CPU = Release|Any CPU
		Release|ARM = Release|ARM
		Release|ARM64 = Release|ARM64
		Release|x64 = Release|x64
		Release|x86 = Release|x86
	EndGlobalSection
	GlobalSection(ProjectConfigurationPlatforms) = postSolution
		{86ABF66D-144D-448C-A7B3-6349EB6A98F8}.Debug|Any CPU.ActiveCfg = Debug|x86
		{86ABF66D-144D-448C-A7B3-6349EB6A98F8}.Debug|ARM.ActiveCfg = Debug|ARM
		{86ABF66D-144D-448C-A7B3-6349EB6A98F8}.Debug|ARM.Build.0 = Debug|ARM
		{86ABF66D-144D-448C-A7B3-6349EB6A98F8}.Debug|ARM.Deploy.0 = Debug|ARM
		{86ABF66D-144D-448C-A7B3-6349EB6A98F8}.Debug|ARM64.ActiveCfg = Debug|ARM64
		{86ABF66D-144D-448C-A7B3-6349EB6A98F8}.Debug|ARM64.Build.0 = Debug|ARM64
		{86ABF66D-144D-448C-A7B3-6349EB6A98F8}.Debug|ARM64.Deploy.0 = Debug|ARM64
		{86ABF66D-144D-448C-A7B3-6349EB6A98F8}.Debug|x64.ActiveCfg = Debug|x64
		{86ABF66D-144D-448C-A7B3-6349EB6A98F8}.Debug|x64.Build.0 = Debug|x64
		{86ABF66D-144D-448C-A7B3-6349EB6A98F8}.Debug|x64.Deploy.0 = Debug|x64
		{86ABF66D-144D-448C-A7B3-6349EB6A98F8}.Debug|x86.ActiveCfg = Debug|x86
		{86ABF66D-144D-448C-A7B3-6349EB6A98F8}.Debug|x86.Build.0 = Debug|x86
		{86ABF66D-144D-448C-A7B3-6349EB6A98F8}.Debug|x86.Deploy.0 = Debug|x86
		{86ABF66D-144D-448C-A7B3-6349EB6A98F8}.Release|Any CPU.ActiveCfg = Release|x86
		{86ABF66D-144D-448C-A7B3-6349EB6A98F8}.Release|ARM.ActiveCfg = Release|ARM
		{86ABF66D-144D-448C-A7B3-6349EB6A98F8}.Release|ARM.Build.0 = Release|ARM
		{86ABF66D-144D-448C-A7B3-6349EB6A98F8}.Release|ARM.Deploy.0 = Release|ARM
		{86ABF66D-144D-448C-A7B3-6349EB6A98F8}.Release|ARM64.ActiveCfg = Release|ARM64
		{86ABF66D-144D-448C-A7B3-6349EB6A98F8}.Release|ARM64.Build.0 = Release|ARM64
		{86ABF66D-144D-448C-A7B3-6349EB6A98F8}.Release|ARM64.Deploy.0 = Release|ARM64
		{86ABF66D-144D-448C-A7B3-6349EB6A98F8}.Release|x64.ActiveCfg = Release|x64
		{86ABF66D-144D-448C-A7B3-6349EB6A98F8}.Release|x64.Build.0 = Release|x64
		{86ABF66D-144D-448C-A7B3-6349EB6A98F8}.Release|x64.Deploy.0 = Release|x64
		{86ABF66D-144D-448C-A7B3-6349EB6A98F8}.Release|x86.ActiveCfg = Release|x86
		{86ABF66D-144D-448C-A7B3-6349EB6A98F8}.Release|x86.Build.0 = Release|x86
		{86ABF66D-144D-448C-A7B3-6349EB6A98F8}.Release|x86.Deploy.0 = Release|x86
		{91058B93-96CE-4300-A287-C8A081581512}.Debug|Any CPU.ActiveCfg = Debug|x86
		{91058B93-96CE-4300-A287-C8A081581512}.Debug|ARM.ActiveCfg = Debug|ARM
		{91058B93-96CE-4300-A287-C8A081581512}.Debug|ARM.Build.0 = Debug|ARM
		{91058B93-96CE-4300-A287-C8A081581512}.Debug|ARM.Deploy.0 = Debug|ARM
		{91058B93-96CE-4300-A287-C8A081581512}.Debug|ARM64.ActiveCfg = Debug|ARM64
		{91058B93-96CE-4300-A287-C8A081581512}.Debug|ARM64.Build.0 = Debug|ARM64
		{91058B93-96CE-4300-A287-C8A081581512}.Debug|ARM64.Deploy.0 = Debug|ARM64
		{91058B93-96CE-4300-A287-C8A081581512}.Debug|x64.ActiveCfg = Debug|x64
		{91058B93-96CE-4300-A287-C8A081581512}.Debug|x64.Build.0 = Debug|x64
		{91058B93-96CE-4300-A287-C8A081581512}.Debug|x64.Deploy.0 = Debug|x64
		{91058B93-96CE-4300-A287-C8A081581512}.Debug|x86.ActiveCfg = Debug|x86
		{91058B93-96CE-4300-A287-C8A081581512}.Debug|x86.Build.0 = Debug|x86
		{91058B93-96CE-4300-A287-C8A081581512}.Debug|x86.Deploy.0 = Debug|x86
		{91058B93-96CE-4300-A287-C8A081581512}.Release|Any CPU.ActiveCfg = Release|x86
		{91058B93-96CE-4300-A287-C8A081581512}.Release|ARM.ActiveCfg = Release|ARM
		{91058B93-96CE-4300-A287-C8A081581512}.Release|ARM.Build.0 = Release|ARM
		{91058B93-96CE-4300-A287-C8A081581512}.Release|ARM.Deploy.0 = Release|ARM
		{91058B93-96CE-4300-A287-C8A081581512}.Release|ARM64.ActiveCfg = Release|ARM64
		{91058B93-96CE-4300-A287-C8A081581512}.Release|ARM64.Build.0 = Release|ARM64
		{91058B93-96CE-4300-A287-C8A081581512}.Release|ARM64.Deploy.0 = Release|ARM64
		{91058B93-96CE-4300-A287-C8A081581512}.Release|x64.ActiveCfg = Release|x64
		{91058B93-96CE-4300-A287-C8A081581512}.Release|x64.Build.0 = Release|x64
		{91058B93-96CE-4300-A287-C8A081581512}.Release|x64.Deploy.0 = Release|x64
		{91058B93-96CE-4300-A287-C8A081581512}.Release|x86.ActiveCfg = Release|x86
		{91058B93-96CE-4300-A287-C8A081581512}.Release|x86.Build.0 = Release|x86
		{91058B93-96CE-4300-A287-C8A081581512}.Release|x86.Deploy.0 = Release|x86
		{AA3B8B65-BF78-4368-BE19-A9B8B78E4585}.Debug|Any CPU.ActiveCfg = Debug|Any CPU
		{AA3B8B65-BF78-4368-BE19-A9B8B78E4585}.Debug|Any CPU.Build.0 = Debug|Any CPU
		{AA3B8B65-BF78-4368-BE19-A9B8B78E4585}.Debug|ARM.ActiveCfg = Debug|Any CPU
		{AA3B8B65-BF78-4368-BE19-A9B8B78E4585}.Debug|ARM.Build.0 = Debug|Any CPU
		{AA3B8B65-BF78-4368-BE19-A9B8B78E4585}.Debug|ARM64.ActiveCfg = Debug|Any CPU
		{AA3B8B65-BF78-4368-BE19-A9B8B78E4585}.Debug|ARM64.Build.0 = Debug|Any CPU
		{AA3B8B65-BF78-4368-BE19-A9B8B78E4585}.Debug|x64.ActiveCfg = Debug|Any CPU
		{AA3B8B65-BF78-4368-BE19-A9B8B78E4585}.Debug|x64.Build.0 = Debug|Any CPU
		{AA3B8B65-BF78-4368-BE19-A9B8B78E4585}.Debug|x86.ActiveCfg = Debug|Any CPU
		{AA3B8B65-BF78-4368-BE19-A9B8B78E4585}.Debug|x86.Build.0 = Debug|Any CPU
		{AA3B8B65-BF78-4368-BE19-A9B8B78E4585}.Release|Any CPU.ActiveCfg = Release|Any CPU
		{AA3B8B65-BF78-4368-BE19-A9B8B78E4585}.Release|Any CPU.Build.0 = Release|Any CPU
		{AA3B8B65-BF78-4368-BE19-A9B8B78E4585}.Release|ARM.ActiveCfg = Release|Any CPU
		{AA3B8B65-BF78-4368-BE19-A9B8B78E4585}.Release|ARM.Build.0 = Release|Any CPU
		{AA3B8B65-BF78-4368-BE19-A9B8B78E4585}.Release|ARM64.ActiveCfg = Release|Any CPU
		{AA3B8B65-BF78-4368-BE19-A9B8B78E4585}.Release|ARM64.Build.0 = Release|Any CPU
		{AA3B8B65-BF78-4368-BE19-A9B8B78E4585}.Release|x64.ActiveCfg = Release|Any CPU
		{AA3B8B65-BF78-4368-BE19-A9B8B78E4585}.Release|x64.Build.0 = Release|Any CPU
		{AA3B8B65-BF78-4368-BE19-A9B8B78E4585}.Release|x86.ActiveCfg = Release|Any CPU
		{AA3B8B65-BF78-4368-BE19-A9B8B78E4585}.Release|x86.Build.0 = Release|Any CPU
		{8EDF4429-251A-416D-BB68-93F227191BCF}.Debug|Any CPU.ActiveCfg = Debug|Any CPU
		{8EDF4429-251A-416D-BB68-93F227191BCF}.Debug|Any CPU.Build.0 = Debug|Any CPU
		{8EDF4429-251A-416D-BB68-93F227191BCF}.Debug|ARM.ActiveCfg = Debug|Any CPU
		{8EDF4429-251A-416D-BB68-93F227191BCF}.Debug|ARM.Build.0 = Debug|Any CPU
		{8EDF4429-251A-416D-BB68-93F227191BCF}.Debug|ARM64.ActiveCfg = Debug|Any CPU
		{8EDF4429-251A-416D-BB68-93F227191BCF}.Debug|ARM64.Build.0 = Debug|Any CPU
		{8EDF4429-251A-416D-BB68-93F227191BCF}.Debug|x64.ActiveCfg = Debug|Any CPU
		{8EDF4429-251A-416D-BB68-93F227191BCF}.Debug|x64.Build.0 = Debug|Any CPU
		{8EDF4429-251A-416D-BB68-93F227191BCF}.Debug|x86.ActiveCfg = Debug|Any CPU
		{8EDF4429-251A-416D-BB68-93F227191BCF}.Debug|x86.Build.0 = Debug|Any CPU
		{8EDF4429-251A-416D-BB68-93F227191BCF}.Release|Any CPU.ActiveCfg = Release|Any CPU
		{8EDF4429-251A-416D-BB68-93F227191BCF}.Release|Any CPU.Build.0 = Release|Any CPU
		{8EDF4429-251A-416D-BB68-93F227191BCF}.Release|ARM.ActiveCfg = Release|Any CPU
		{8EDF4429-251A-416D-BB68-93F227191BCF}.Release|ARM.Build.0 = Release|Any CPU
		{8EDF4429-251A-416D-BB68-93F227191BCF}.Release|ARM64.ActiveCfg = Release|Any CPU
		{8EDF4429-251A-416D-BB68-93F227191BCF}.Release|ARM64.Build.0 = Release|Any CPU
		{8EDF4429-251A-416D-BB68-93F227191BCF}.Release|x64.ActiveCfg = Release|Any CPU
		{8EDF4429-251A-416D-BB68-93F227191BCF}.Release|x64.Build.0 = Release|Any CPU
		{8EDF4429-251A-416D-BB68-93F227191BCF}.Release|x86.ActiveCfg = Release|Any CPU
		{8EDF4429-251A-416D-BB68-93F227191BCF}.Release|x86.Build.0 = Release|Any CPU
		{844CCB96-7FDF-49AF-84D2-39890CB99AC8}.Debug|Any CPU.ActiveCfg = Debug|Any CPU
		{844CCB96-7FDF-49AF-84D2-39890CB99AC8}.Debug|Any CPU.Build.0 = Debug|Any CPU
		{844CCB96-7FDF-49AF-84D2-39890CB99AC8}.Debug|ARM.ActiveCfg = Debug|Any CPU
		{844CCB96-7FDF-49AF-84D2-39890CB99AC8}.Debug|ARM.Build.0 = Debug|Any CPU
		{844CCB96-7FDF-49AF-84D2-39890CB99AC8}.Debug|ARM64.ActiveCfg = Debug|Any CPU
		{844CCB96-7FDF-49AF-84D2-39890CB99AC8}.Debug|ARM64.Build.0 = Debug|Any CPU
		{844CCB96-7FDF-49AF-84D2-39890CB99AC8}.Debug|x64.ActiveCfg = Debug|Any CPU
		{844CCB96-7FDF-49AF-84D2-39890CB99AC8}.Debug|x64.Build.0 = Debug|Any CPU
		{844CCB96-7FDF-49AF-84D2-39890CB99AC8}.Debug|x86.ActiveCfg = Debug|Any CPU
		{844CCB96-7FDF-49AF-84D2-39890CB99AC8}.Debug|x86.Build.0 = Debug|Any CPU
		{844CCB96-7FDF-49AF-84D2-39890CB99AC8}.Release|Any CPU.ActiveCfg = Release|Any CPU
		{844CCB96-7FDF-49AF-84D2-39890CB99AC8}.Release|Any CPU.Build.0 = Release|Any CPU
		{844CCB96-7FDF-49AF-84D2-39890CB99AC8}.Release|ARM.ActiveCfg = Release|Any CPU
		{844CCB96-7FDF-49AF-84D2-39890CB99AC8}.Release|ARM.Build.0 = Release|Any CPU
		{844CCB96-7FDF-49AF-84D2-39890CB99AC8}.Release|ARM64.ActiveCfg = Release|Any CPU
		{844CCB96-7FDF-49AF-84D2-39890CB99AC8}.Release|ARM64.Build.0 = Release|Any CPU
		{844CCB96-7FDF-49AF-84D2-39890CB99AC8}.Release|x64.ActiveCfg = Release|Any CPU
		{844CCB96-7FDF-49AF-84D2-39890CB99AC8}.Release|x64.Build.0 = Release|Any CPU
		{844CCB96-7FDF-49AF-84D2-39890CB99AC8}.Release|x86.ActiveCfg = Release|Any CPU
		{844CCB96-7FDF-49AF-84D2-39890CB99AC8}.Release|x86.Build.0 = Release|Any CPU
		{51EB62AB-5055-4A6A-9F91-6F684C4801E7}.Debug|Any CPU.ActiveCfg = Debug|Any CPU
		{51EB62AB-5055-4A6A-9F91-6F684C4801E7}.Debug|Any CPU.Build.0 = Debug|Any CPU
		{51EB62AB-5055-4A6A-9F91-6F684C4801E7}.Debug|ARM.ActiveCfg = Debug|Any CPU
		{51EB62AB-5055-4A6A-9F91-6F684C4801E7}.Debug|ARM.Build.0 = Debug|Any CPU
		{51EB62AB-5055-4A6A-9F91-6F684C4801E7}.Debug|ARM64.ActiveCfg = Debug|Any CPU
		{51EB62AB-5055-4A6A-9F91-6F684C4801E7}.Debug|ARM64.Build.0 = Debug|Any CPU
		{51EB62AB-5055-4A6A-9F91-6F684C4801E7}.Debug|x64.ActiveCfg = Debug|Any CPU
		{51EB62AB-5055-4A6A-9F91-6F684C4801E7}.Debug|x64.Build.0 = Debug|Any CPU
		{51EB62AB-5055-4A6A-9F91-6F684C4801E7}.Debug|x86.ActiveCfg = Debug|Any CPU
		{51EB62AB-5055-4A6A-9F91-6F684C4801E7}.Debug|x86.Build.0 = Debug|Any CPU
		{51EB62AB-5055-4A6A-9F91-6F684C4801E7}.Release|Any CPU.ActiveCfg = Release|Any CPU
		{51EB62AB-5055-4A6A-9F91-6F684C4801E7}.Release|Any CPU.Build.0 = Release|Any CPU
		{51EB62AB-5055-4A6A-9F91-6F684C4801E7}.Release|ARM.ActiveCfg = Release|Any CPU
		{51EB62AB-5055-4A6A-9F91-6F684C4801E7}.Release|ARM.Build.0 = Release|Any CPU
		{51EB62AB-5055-4A6A-9F91-6F684C4801E7}.Release|ARM64.ActiveCfg = Release|Any CPU
		{51EB62AB-5055-4A6A-9F91-6F684C4801E7}.Release|ARM64.Build.0 = Release|Any CPU
		{51EB62AB-5055-4A6A-9F91-6F684C4801E7}.Release|x64.ActiveCfg = Release|Any CPU
		{51EB62AB-5055-4A6A-9F91-6F684C4801E7}.Release|x64.Build.0 = Release|Any CPU
		{51EB62AB-5055-4A6A-9F91-6F684C4801E7}.Release|x86.ActiveCfg = Release|Any CPU
		{51EB62AB-5055-4A6A-9F91-6F684C4801E7}.Release|x86.Build.0 = Release|Any CPU
		{01A38065-063B-49CA-8ECB-18D358CBBA20}.Debug|Any CPU.ActiveCfg = Debug|Any CPU
		{01A38065-063B-49CA-8ECB-18D358CBBA20}.Debug|Any CPU.Build.0 = Debug|Any CPU
		{01A38065-063B-49CA-8ECB-18D358CBBA20}.Debug|ARM.ActiveCfg = Debug|Any CPU
		{01A38065-063B-49CA-8ECB-18D358CBBA20}.Debug|ARM.Build.0 = Debug|Any CPU
		{01A38065-063B-49CA-8ECB-18D358CBBA20}.Debug|ARM64.ActiveCfg = Debug|Any CPU
		{01A38065-063B-49CA-8ECB-18D358CBBA20}.Debug|ARM64.Build.0 = Debug|Any CPU
		{01A38065-063B-49CA-8ECB-18D358CBBA20}.Debug|x64.ActiveCfg = Debug|Any CPU
		{01A38065-063B-49CA-8ECB-18D358CBBA20}.Debug|x64.Build.0 = Debug|Any CPU
		{01A38065-063B-49CA-8ECB-18D358CBBA20}.Debug|x86.ActiveCfg = Debug|Any CPU
		{01A38065-063B-49CA-8ECB-18D358CBBA20}.Debug|x86.Build.0 = Debug|Any CPU
		{01A38065-063B-49CA-8ECB-18D358CBBA20}.Release|Any CPU.ActiveCfg = Release|Any CPU
		{01A38065-063B-49CA-8ECB-18D358CBBA20}.Release|Any CPU.Build.0 = Release|Any CPU
		{01A38065-063B-49CA-8ECB-18D358CBBA20}.Release|ARM.ActiveCfg = Release|Any CPU
		{01A38065-063B-49CA-8ECB-18D358CBBA20}.Release|ARM.Build.0 = Release|Any CPU
		{01A38065-063B-49CA-8ECB-18D358CBBA20}.Release|ARM64.ActiveCfg = Release|Any CPU
		{01A38065-063B-49CA-8ECB-18D358CBBA20}.Release|ARM64.Build.0 = Release|Any CPU
		{01A38065-063B-49CA-8ECB-18D358CBBA20}.Release|x64.ActiveCfg = Release|Any CPU
		{01A38065-063B-49CA-8ECB-18D358CBBA20}.Release|x64.Build.0 = Release|Any CPU
		{01A38065-063B-49CA-8ECB-18D358CBBA20}.Release|x86.ActiveCfg = Release|Any CPU
		{01A38065-063B-49CA-8ECB-18D358CBBA20}.Release|x86.Build.0 = Release|Any CPU
		{61016CD5-C763-4D03-A4C0-90BBF6D5E9FE}.Debug|Any CPU.ActiveCfg = Debug|Any CPU
		{61016CD5-C763-4D03-A4C0-90BBF6D5E9FE}.Debug|Any CPU.Build.0 = Debug|Any CPU
		{61016CD5-C763-4D03-A4C0-90BBF6D5E9FE}.Debug|ARM.ActiveCfg = Debug|Any CPU
		{61016CD5-C763-4D03-A4C0-90BBF6D5E9FE}.Debug|ARM.Build.0 = Debug|Any CPU
		{61016CD5-C763-4D03-A4C0-90BBF6D5E9FE}.Debug|ARM64.ActiveCfg = Debug|Any CPU
		{61016CD5-C763-4D03-A4C0-90BBF6D5E9FE}.Debug|ARM64.Build.0 = Debug|Any CPU
		{61016CD5-C763-4D03-A4C0-90BBF6D5E9FE}.Debug|x64.ActiveCfg = Debug|Any CPU
		{61016CD5-C763-4D03-A4C0-90BBF6D5E9FE}.Debug|x64.Build.0 = Debug|Any CPU
		{61016CD5-C763-4D03-A4C0-90BBF6D5E9FE}.Debug|x86.ActiveCfg = Debug|Any CPU
		{61016CD5-C763-4D03-A4C0-90BBF6D5E9FE}.Debug|x86.Build.0 = Debug|Any CPU
		{61016CD5-C763-4D03-A4C0-90BBF6D5E9FE}.Release|Any CPU.ActiveCfg = Release|Any CPU
		{61016CD5-C763-4D03-A4C0-90BBF6D5E9FE}.Release|Any CPU.Build.0 = Release|Any CPU
		{61016CD5-C763-4D03-A4C0-90BBF6D5E9FE}.Release|ARM.ActiveCfg = Release|Any CPU
		{61016CD5-C763-4D03-A4C0-90BBF6D5E9FE}.Release|ARM.Build.0 = Release|Any CPU
		{61016CD5-C763-4D03-A4C0-90BBF6D5E9FE}.Release|ARM64.ActiveCfg = Release|Any CPU
		{61016CD5-C763-4D03-A4C0-90BBF6D5E9FE}.Release|ARM64.Build.0 = Release|Any CPU
		{61016CD5-C763-4D03-A4C0-90BBF6D5E9FE}.Release|x64.ActiveCfg = Release|Any CPU
		{61016CD5-C763-4D03-A4C0-90BBF6D5E9FE}.Release|x64.Build.0 = Release|Any CPU
		{61016CD5-C763-4D03-A4C0-90BBF6D5E9FE}.Release|x86.ActiveCfg = Release|Any CPU
		{61016CD5-C763-4D03-A4C0-90BBF6D5E9FE}.Release|x86.Build.0 = Release|Any CPU
	EndGlobalSection
	GlobalSection(SolutionProperties) = preSolution
		HideSolutionNode = FALSE
	EndGlobalSection
	GlobalSection(NestedProjects) = preSolution
		{86ABF66D-144D-448C-A7B3-6349EB6A98F8} = {1AEC3720-99EB-4BED-8771-12F4C8082C88}
		{91058B93-96CE-4300-A287-C8A081581512} = {1AEC3720-99EB-4BED-8771-12F4C8082C88}
		{AA3B8B65-BF78-4368-BE19-A9B8B78E4585} = {B06C65C8-5249-4921-9B05-DCEF6510442F}
		{8EDF4429-251A-416D-BB68-93F227191BCF} = {B06C65C8-5249-4921-9B05-DCEF6510442F}
		{844CCB96-7FDF-49AF-84D2-39890CB99AC8} = {E2EFD2A0-3AA7-46BC-ADD3-D2AF30EFD02E}
		{51EB62AB-5055-4A6A-9F91-6F684C4801E7} = {E2EFD2A0-3AA7-46BC-ADD3-D2AF30EFD02E}
		{01A38065-063B-49CA-8ECB-18D358CBBA20} = {0DFF4262-FD4F-436D-92E8-3E5B70C37D46}
		{61016CD5-C763-4D03-A4C0-90BBF6D5E9FE} = {0DFF4262-FD4F-436D-92E8-3E5B70C37D46}
	EndGlobalSection
	GlobalSection(ExtensibilityGlobals) = postSolution
		SolutionGuid = {6A8D8646-1A08-4631-BD8C-2557801B7643}
	EndGlobalSection
EndGlobal
